
Microsoft Visual Studio Solution File, Format Version 12.00
# Visual Studio 15
VisualStudioVersion = 15.0.28307.902
MinimumVisualStudioVersion = 10.0.40219.1
Project("{FAE04EC0-301F-11D3-BF4B-00C04F79EFBC}") = "SLAMonitoringService", "SLAMonitoringService\SLAMonitoringService.csproj", "{75B93A1A-1ECD-4C8C-B5A6-B33A6A850750}"
EndProject
Project("{FAE04EC0-301F-11D3-BF4B-00C04F79EFBC}") = "SLAMonitoringServiceCore", "SLAMonitoringServiceCore\SLAMonitoringServiceCore.csproj", "{FE58E020-9A67-4628-871E-A3CA09E97162}"
EndProject
Project("{FAE04EC0-301F-11D3-BF4B-00C04F79EFBC}") = "SLAMonitorPluginActivate", "SLAMonitorPluginActivate\SLAMonitorPluginActivate.csproj", "{467325C3-58AC-4D7D-82DF-BB8EBC1B3E1F}"
EndProject
Global
	GlobalSection(SolutionConfigurationPlatforms) = preSolution
		Debug|Any CPU = Debug|Any CPU
		Release|Any CPU = Release|Any CPU
	EndGlobalSection
	GlobalSection(ProjectConfigurationPlatforms) = postSolution
		{75B93A1A-1ECD-4C8C-B5A6-B33A6A850750}.Debug|Any CPU.ActiveCfg = Debug|Any CPU
		{75B93A1A-1ECD-4C8C-B5A6-B33A6A850750}.Debug|Any CPU.Build.0 = Debug|Any CPU
		{75B93A1A-1ECD-4C8C-B5A6-B33A6A850750}.Release|Any CPU.ActiveCfg = Release|Any CPU
		{75B93A1A-1ECD-4C8C-B5A6-B33A6A850750}.Release|Any CPU.Build.0 = Release|Any CPU
		{FE58E020-9A67-4628-871E-A3CA09E97162}.Debug|Any CPU.ActiveCfg = Debug|Any CPU
		{FE58E020-9A67-4628-871E-A3CA09E97162}.Debug|Any CPU.Build.0 = Debug|Any CPU
		{FE58E020-9A67-4628-871E-A3CA09E97162}.Release|Any CPU.ActiveCfg = Release|Any CPU
		{FE58E020-9A67-4628-871E-A3CA09E97162}.Release|Any CPU.Build.0 = Release|Any CPU
		{467325C3-58AC-4D7D-82DF-BB8EBC1B3E1F}.Debug|Any CPU.ActiveCfg = Debug|Any CPU
		{467325C3-58AC-4D7D-82DF-BB8EBC1B3E1F}.Debug|Any CPU.Build.0 = Debug|Any CPU
		{467325C3-58AC-4D7D-82DF-BB8EBC1B3E1F}.Release|Any CPU.ActiveCfg = Release|Any CPU
		{467325C3-58AC-4D7D-82DF-BB8EBC1B3E1F}.Release|Any CPU.Build.0 = Release|Any CPU
	EndGlobalSection
	GlobalSection(SolutionProperties) = preSolution
		HideSolutionNode = FALSE
	EndGlobalSection
	GlobalSection(ExtensibilityGlobals) = postSolution
		SolutionGuid = {59CCA931-89B8-49F9-8F7C-6635CE805B4A}
	EndGlobalSection
EndGlobal
